{
  "name": "demo-playwright-typescript",
  "version": "1.0.0",
  "lockfileVersion": 2,
  "requires": true,
  "packages": {
    "": {
      "name": "demo-playwright-typescript",
      "version": "1.0.0",
      "hasInstallScript": true,
      "license": "MIT",
      "devDependencies": {
        "@playwright/test": "^1.25.1",
        "dotenv": "^16.0.1"
      }
    },
    "node_modules/@playwright/test": {
      "version": "1.25.1",
      "resolved": "https://registry.npmjs.org/@playwright/test/-/test-1.25.1.tgz",
      "integrity": "sha512-IJ4X0yOakXtwkhbnNzKkaIgXe6df7u3H3FnuhI9Jqh+CdO0e/lYQlDLYiyI9cnXK8E7UAppAWP+VqAv6VX7HQg==",
      "dev": true,
      "dependencies": {
        "@types/node": "*",
        "playwright-core": "1.25.1"
      },
      "bin": {
        "playwright": "cli.js"
      },
      "engines": {
        "node": ">=14"
      }
    },
    "node_modules/@types/node": {
      "version": "18.0.3",
      "resolved": "https://registry.npmjs.org/@types/node/-/node-18.0.3.tgz",
      "integrity": "sha512-HzNRZtp4eepNitP+BD6k2L6DROIDG4Q0fm4x+dwfsr6LGmROENnok75VGw40628xf+iR24WeMFcHuuBDUAzzsQ==",
      "dev": true
    },
    "node_modules/dotenv": {
      "version": "16.0.1",
      "resolved": "https://registry.npmjs.org/dotenv/-/dotenv-16.0.1.tgz",
      "integrity": "sha512-1K6hR6wtk2FviQ4kEiSjFiH5rpzEVi8WW0x96aztHVMhEspNpc4DVOUTEHtEva5VThQ8IaBX1Pe4gSzpVVUsKQ==",
      "dev": true,
      "engines": {
        "node": ">=12"
      }
    },
    "node_modules/playwright-core": {
      "version": "1.25.1",
      "resolved": "https://registry.npmjs.org/playwright-core/-/playwright-core-1.25.1.tgz",
      "integrity": "sha512-lSvPCmA2n7LawD2Hw7gSCLScZ+vYRkhU8xH0AapMyzwN+ojoDqhkH/KIEUxwNu2PjPoE/fcE0wLAksdOhJ2O5g==",
      "dev": true,
      "bin": {
        "playwright": "cli.js"
      },
      "engines": {
        "node": ">=14"
      }
    }
  },
  "dependencies": {
    "@playwright/test": {
      "version": "1.25.1",
      "resolved": "https://registry.npmjs.org/@playwright/test/-/test-1.25.1.tgz",
      "integrity": "sha512-IJ4X0yOakXtwkhbnNzKkaIgXe6df7u3H3FnuhI9Jqh+CdO0e/lYQlDLYiyI9cnXK8E7UAppAWP+VqAv6VX7HQg==",
      "dev": true,
      "requires": {
        "@types/node": "*",
        "playwright-core": "1.25.1"
      }
    },
    "@types/node": {
      "version": "18.0.3",
      "resolved": "https://registry.npmjs.org/@types/node/-/node-18.0.3.tgz",
      "integrity": "sha512-HzNRZtp4eepNitP+BD6k2L6DROIDG4Q0fm4x+dwfsr6LGmROENnok75VGw40628xf+iR24WeMFcHuuBDUAzzsQ==",
      "dev": true
    },
    "dotenv": {
      "version": "16.0.1",
      "resolved": "https://registry.npmjs.org/dotenv/-/dotenv-16.0.1.tgz",
      "integrity": "sha512-1K6hR6wtk2FviQ4kEiSjFiH5rpzEVi8WW0x96aztHVMhEspNpc4DVOUTEHtEva5VThQ8IaBX1Pe4gSzpVVUsKQ==",
      "dev": true
    },
    "playwright-core": {
      "version": "1.25.1",
      "resolved": "https://registry.npmjs.org/playwright-core/-/playwright-core-1.25.1.tgz",
      "integrity": "sha512-lSvPCmA2n7LawD2Hw7gSCLScZ+vYRkhU8xH0AapMyzwN+ojoDqhkH/KIEUxwNu2PjPoE/fcE0wLAksdOhJ2O5g==",
      "dev": true
    }
  }
}
