# This file is generated by running "yarn install" inside your project.
# Manual changes might be lost - proceed with caution!

__metadata:
  version: 8
  cacheKey: 10c0

"@playwright/test@npm:^1.63.0":
  version: 1.63.0
  resolution: "@playwright/test@npm:1.63.0"
  dependencies:
    playwright: "npm:1.63.0"
  bin:
    playwright: cli.js
  checksum: 10c0/795cd06c2eb6cb6142e72792f4df8f97665aa8c551c16278a7f2b3f31664e0cff07ed3c066490da55daf2fe51bc18e9c1ec6cba05b2c37387a0c49ad63017db8
  languageName: node
  linkType: hard

"demo-playwright-typescript@workspace:.":
  version: 0.0.0-use.local
  resolution: "demo-playwright-typescript@workspace:."
  dependencies:
    "@playwright/test": "npm:^1.63.0"
    dotenv: "npm:^18.0.5"
  languageName: unknown
  linkType: soft

"dotenv@npm:^18.0.5":
  version: 18.0.5
  resolution: "dotenv@npm:18.0.5"
  bin:
    dotenv: dist/index.cjs
  checksum: 10c0/fade137f063f3d3483459b71c6ed0f98f18189fa52b14c9f192e57df6b76719340aa6d9a1d194e4fa0e025deb5af9d545efcc3a28f09230af815518f0b9c0785
  languageName: node
  linkType: hard

"playwright-core@npm:1.63.0":
  version: 1.63.0
  resolution: "playwright-core@npm:1.63.0"
  bin:
    playwright-core: cli.js
  checksum: 10c0/39c1ebae4029ca2e9371e00a5588d962038e24b6e0bdb7d0d27374dde04838f349b83ae0c8b3b648653d0935cba7fb9011f1201adaab9dd0db7801ad6c75e9aa
  languageName: node
  linkType: hard

"playwright@npm:1.63.0":
  version: 1.63.0
  resolution: "playwright@npm:1.63.0"
  dependencies:
    playwright-core: "npm:1.63.0"
  bin:
    playwright: cli.js
  checksum: 10c0/d1fd048a89be27c9aba6757dc4f70eff4a5163b49f439ad691767be8b2a482327d0dd1928b4f73c8fe0d8b33aab2c9dc2670424ab60f112d9e98e91b94e3b090
  languageName: node
  linkType: hard
